// !$*UTF8*$!
{
	archiveVersion = 1;
	classes = {
	};
	objectVersion = 55;
	objects = {

/* Begin PBXBuildFile section */
		1C3F78A4285A7CF6002D9877 /* Update.swift in Sources */ = {isa = PBXBuildFile; fileRef = 1C3F78A3285A7CF6002D9877 /* Update.swift */; };
		1C3F78A6285A7D59002D9877 /* UpdateListView.swift in Sources */ = {isa = PBXBuildFile; fileRef = 1C3F78A5285A7D59002D9877 /* UpdateListView.swift */; };
		1C5944542855276500FC98F5 /* CardView.swift in Sources */ = {isa = PBXBuildFile; fileRef = 1C5944532855276500FC98F5 /* CardView.swift */; };
		1C5944552855276500FC98F5 /* CardView.swift in Sources */ = {isa = PBXBuildFile; fileRef = 1C5944532855276500FC98F5 /* CardView.swift */; };
		1C5944572855278600FC98F5 /* TitleView.swift in Sources */ = {isa = PBXBuildFile; fileRef = 1C5944562855278600FC98F5 /* TitleView.swift */; };
		1C5944582855278600FC98F5 /* TitleView.swift in Sources */ = {isa = PBXBuildFile; fileRef = 1C5944562855278600FC98F5 /* TitleView.swift */; };
		1C59445A285527B900FC98F5 /* BackCardView.swift in Sources */ = {isa = PBXBuildFile; fileRef = 1C594459285527B900FC98F5 /* BackCardView.swift */; };
		1C59445B285527B900FC98F5 /* BackCardView.swift in Sources */ = {isa = PBXBuildFile; fileRef = 1C594459285527B900FC98F5 /* BackCardView.swift */; };
		1C59445D285527D800FC98F5 /* BottomCardView.swift in Sources */ = {isa = PBXBuildFile; fileRef = 1C59445C285527D800FC98F5 /* BottomCardView.swift */; };
		1C59445E285527D800FC98F5 /* BottomCardView.swift in Sources */ = {isa = PBXBuildFile; fileRef = 1C59445C285527D800FC98F5 /* BottomCardView.swift */; };
		1C5944612856009F00FC98F5 /* MenuRowView.swift in Sources */ = {isa = PBXBuildFile; fileRef = 1C5944602856009F00FC98F5 /* MenuRowView.swift */; };
		1C5944622856009F00FC98F5 /* MenuRowView.swift in Sources */ = {isa = PBXBuildFile; fileRef = 1C5944602856009F00FC98F5 /* MenuRowView.swift */; };
		1CA83503285286E4008811E9 /* DoggyDoggApp.swift in Sources */ = {isa = PBXBuildFile; fileRef = 1CA834F3285286E0008811E9 /* DoggyDoggApp.swift */; };
		1CA83504285286E4008811E9 /* DoggyDoggApp.swift in Sources */ = {isa = PBXBuildFile; fileRef = 1CA834F3285286E0008811E9 /* DoggyDoggApp.swift */; };
		1CA83507285286E4008811E9 /* Assets.xcassets in Resources */ = {isa = PBXBuildFile; fileRef = 1CA834F5285286E3008811E9 /* Assets.xcassets */; };
		1CA83508285286E4008811E9 /* Assets.xcassets in Resources */ = {isa = PBXBuildFile; fileRef = 1CA834F5285286E3008811E9 /* Assets.xcassets */; };
		1CBBC77E285E4AE200FF74BE /* UpdateDetailView.swift in Sources */ = {isa = PBXBuildFile; fileRef = 1CBBC77D285E4AE200FF74BE /* UpdateDetailView.swift */; };
		1CBBC780285E4DBE00FF74BE /* UpdateStore.swift in Sources */ = {isa = PBXBuildFile; fileRef = 1CBBC77F285E4DBE00FF74BE /* UpdateStore.swift */; };
		1CBBC783285E753600FF74BE /* UpdateCellView.swift in Sources */ = {isa = PBXBuildFile; fileRef = 1CBBC782285E753600FF74BE /* UpdateCellView.swift */; };
		1CBBC785285F842200FF74BE /* TabBarView.swift in Sources */ = {isa = PBXBuildFile; fileRef = 1CBBC784285F842200FF74BE /* TabBarView.swift */; };
		1CBBC787285F853300FF74BE /* ProfileView.swift in Sources */ = {isa = PBXBuildFile; fileRef = 1CBBC786285F853300FF74BE /* ProfileView.swift */; };
		1CBBC789285F957D00FF74BE /* AppDelegate.swift in Sources */ = {isa = PBXBuildFile; fileRef = 1CBBC788285F957D00FF74BE /* AppDelegate.swift */; };
		1CBBC78B285F95F000FF74BE /* SceneDelegate.swift in Sources */ = {isa = PBXBuildFile; fileRef = 1CBBC78A285F95F000FF74BE /* SceneDelegate.swift */; };
		1CBBC790285F9D8700FF74BE /* LaunchScreen.storyboard in Resources */ = {isa = PBXBuildFile; fileRef = 1CBBC78F285F9D8700FF74BE /* LaunchScreen.storyboard */; };
		1CF973B92857D51B00CB5617 /* Section.swift in Sources */ = {isa = PBXBuildFile; fileRef = 1CF973B82857D51B00CB5617 /* Section.swift */; };
		1CF973BA2857D51B00CB5617 /* Section.swift in Sources */ = {isa = PBXBuildFile; fileRef = 1CF973B82857D51B00CB5617 /* Section.swift */; };
		1CF973BD2857D6F400CB5617 /* SectionView.swift in Sources */ = {isa = PBXBuildFile; fileRef = 1CF973BC2857D6F400CB5617 /* SectionView.swift */; };
		1CF973BE2857D6F400CB5617 /* SectionView.swift in Sources */ = {isa = PBXBuildFile; fileRef = 1CF973BC2857D6F400CB5617 /* SectionView.swift */; };
		1CFAA6BB28560526004C28C4 /* MenuView.swift in Sources */ = {isa = PBXBuildFile; fileRef = 1CFAA6BA28560526004C28C4 /* MenuView.swift */; };
		1CFAA6BC28560526004C28C4 /* MenuView.swift in Sources */ = {isa = PBXBuildFile; fileRef = 1CFAA6BA28560526004C28C4 /* MenuView.swift */; };
		1CFAA6BE28561783004C28C4 /* Color+Extension.swift in Sources */ = {isa = PBXBuildFile; fileRef = 1CFAA6BD28561783004C28C4 /* Color+Extension.swift */; };
		1CFAA6BF28561783004C28C4 /* Color+Extension.swift in Sources */ = {isa = PBXBuildFile; fileRef = 1CFAA6BD28561783004C28C4 /* Color+Extension.swift */; };
		1CFAA6C428563B4D004C28C4 /* Home.swift in Sources */ = {isa = PBXBuildFile; fileRef = 1CFAA6C328563B4D004C28C4 /* Home.swift */; };
		1CFAA6C528563B4D004C28C4 /* Home.swift in Sources */ = {isa = PBXBuildFile; fileRef = 1CFAA6C328563B4D004C28C4 /* Home.swift */; };
		1CFAA6C728565C59004C28C4 /* HomeView.swift in Sources */ = {isa = PBXBuildFile; fileRef = 1CFAA6C628565C59004C28C4 /* HomeView.swift */; };
		1CFAA6C828565C59004C28C4 /* HomeView.swift in Sources */ = {isa = PBXBuildFile; fileRef = 1CFAA6C628565C59004C28C4 /* HomeView.swift */; };
		1CFAA6CA28565EA4004C28C4 /* Constants.swift in Sources */ = {isa = PBXBuildFile; fileRef = 1CFAA6C928565EA4004C28C4 /* Constants.swift */; };
		1CFAA6CB28565EA4004C28C4 /* Constants.swift in Sources */ = {isa = PBXBuildFile; fileRef = 1CFAA6C928565EA4004C28C4 /* Constants.swift */; };
		1CFAA6CD28565EF1004C28C4 /* AvatarView.swift in Sources */ = {isa = PBXBuildFile; fileRef = 1CFAA6CC28565EF1004C28C4 /* AvatarView.swift */; };
		1CFAA6CE28565EF1004C28C4 /* AvatarView.swift in Sources */ = {isa = PBXBuildFile; fileRef = 1CFAA6CC28565EF1004C28C4 /* AvatarView.swift */; };
/* End PBXBuildFile section */

/* Begin PBXFileReference section */
		1C3F78A3285A7CF6002D9877 /* Update.swift */ = {isa = PBXFileReference; lastKnownFileType = sourcecode.swift; path = Update.swift; sourceTree = "<group>"; };
		1C3F78A5285A7D59002D9877 /* UpdateListView.swift */ = {isa = PBXFileReference; lastKnownFileType = sourcecode.swift; path = UpdateListView.swift; sourceTree = "<group>"; };
		1C5944532855276500FC98F5 /* CardView.swift */ = {isa = PBXFileReference; lastKnownFileType = sourcecode.swift; path = CardView.swift; sourceTree = "<group>"; };
		1C5944562855278600FC98F5 /* TitleView.swift */ = {isa = PBXFileReference; lastKnownFileType = sourcecode.swift; path = TitleView.swift; sourceTree = "<group>"; };
		1C594459285527B900FC98F5 /* BackCardView.swift */ = {isa = PBXFileReference; lastKnownFileType = sourcecode.swift; path = BackCardView.swift; sourceTree = "<group>"; };
		1C59445C285527D800FC98F5 /* BottomCardView.swift */ = {isa = PBXFileReference; lastKnownFileType = sourcecode.swift; path = BottomCardView.swift; sourceTree = "<group>"; };
		1C5944602856009F00FC98F5 /* MenuRowView.swift */ = {isa = PBXFileReference; lastKnownFileType = sourcecode.swift; path = MenuRowView.swift; sourceTree = "<group>"; };
		1CA834F3285286E0008811E9 /* DoggyDoggApp.swift */ = {isa = PBXFileReference; lastKnownFileType = sourcecode.swift; path = DoggyDoggApp.swift; sourceTree = "<group>"; };
		1CA834F5285286E3008811E9 /* Assets.xcassets */ = {isa = PBXFileReference; lastKnownFileType = folder.assetcatalog; path = Assets.xcassets; sourceTree = "<group>"; };
		1CA834FA285286E3008811E9 /* DoggyDogg.app */ = {isa = PBXFileReference; explicitFileType = wrapper.application; includeInIndex = 0; path = DoggyDogg.app; sourceTree = BUILT_PRODUCTS_DIR; };
		1CA83500285286E3008811E9 /* DoggyDogg.app */ = {isa = PBXFileReference; explicitFileType = wrapper.application; includeInIndex = 0; path = DoggyDogg.app; sourceTree = BUILT_PRODUCTS_DIR; };
		1CA83502285286E4008811E9 /* macOS.entitlements */ = {isa = PBXFileReference; lastKnownFileType = text.plist.entitlements; path = macOS.entitlements; sourceTree = "<group>"; };
		1CBBC77D285E4AE200FF74BE /* UpdateDetailView.swift */ = {isa = PBXFileReference; lastKnownFileType = sourcecode.swift; path = UpdateDetailView.swift; sourceTree = "<group>"; };
		1CBBC77F285E4DBE00FF74BE /* UpdateStore.swift */ = {isa = PBXFileReference; lastKnownFileType = sourcecode.swift; path = UpdateStore.swift; sourceTree = "<group>"; };
		1CBBC782285E753600FF74BE /* UpdateCellView.swift */ = {isa = PBXFileReference; lastKnownFileType = sourcecode.swift; path = UpdateCellView.swift; sourceTree = "<group>"; };
		1CBBC784285F842200FF74BE /* TabBarView.swift */ = {isa = PBXFileReference; lastKnownFileType = sourcecode.swift; path = TabBarView.swift; sourceTree = "<group>"; };
		1CBBC786285F853300FF74BE /* ProfileView.swift */ = {isa = PBXFileReference; lastKnownFileType = sourcecode.swift; path = ProfileView.swift; sourceTree = "<group>"; };
		1CBBC788285F957D00FF74BE /* AppDelegate.swift */ = {isa = PBXFileReference; lastKnownFileType = sourcecode.swift; path = AppDelegate.swift; sourceTree = "<group>"; };
		1CBBC78A285F95F000FF74BE /* SceneDelegate.swift */ = {isa = PBXFileReference; lastKnownFileType = sourcecode.swift; path = SceneDelegate.swift; sourceTree = "<group>"; };
		1CBBC78C285F99BB00FF74BE /* DoggyDogg--iOS--Info.plist */ = {isa = PBXFileReference; lastKnownFileType = text.plist; path = "DoggyDogg--iOS--Info.plist"; sourceTree = "<group>"; };
		1CBBC78F285F9D8700FF74BE /* LaunchScreen.storyboard */ = {isa = PBXFileReference; lastKnownFileType = file.storyboard; path = LaunchScreen.storyboard; sourceTree = "<group>"; };
		1CF973B82857D51B00CB5617 /* Section.swift */ = {isa = PBXFileReference; lastKnownFileType = sourcecode.swift; path = Section.swift; sourceTree = "<group>"; };
		1CF973BC2857D6F400CB5617 /* SectionView.swift */ = {isa = PBXFileReference; lastKnownFileType = sourcecode.swift; path = SectionView.swift; sourceTree = "<group>"; };
		1CFAA6BA28560526004C28C4 /* MenuView.swift */ = {isa = PBXFileReference; lastKnownFileType = sourcecode.swift; path = MenuView.swift; sourceTree = "<group>"; };
		1CFAA6BD28561783004C28C4 /* Color+Extension.swift */ = {isa = PBXFileReference; lastKnownFileType = sourcecode.swift; path = "Color+Extension.swift"; sourceTree = "<group>"; };
		1CFAA6C328563B4D004C28C4 /* Home.swift */ = {isa = PBXFileReference; lastKnownFileType = sourcecode.swift; path = Home.swift; sourceTree = "<group>"; };
		1CFAA6C628565C59004C28C4 /* HomeView.swift */ = {isa = PBXFileReference; lastKnownFileType = sourcecode.swift; path = HomeView.swift; sourceTree = "<group>"; };
		1CFAA6C928565EA4004C28C4 /* Constants.swift */ = {isa = PBXFileReference; lastKnownFileType = sourcecode.swift; path = Constants.swift; sourceTree = "<group>"; };
		1CFAA6CC28565EF1004C28C4 /* AvatarView.swift */ = {isa = PBXFileReference; lastKnownFileType = sourcecode.swift; path = AvatarView.swift; sourceTree = "<group>"; };
/* End PBXFileReference section */

/* Begin PBXFrameworksBuildPhase section */
		1CA834F7285286E3008811E9 /* Frameworks */ = {
			isa = PBXFrameworksBuildPhase;
			buildActionMask = 2147483647;
			files = (
			);
			runOnlyForDeploymentPostprocessing = 0;
		};
		1CA834FD285286E3008811E9 /* Frameworks */ = {
			isa = PBXFrameworksBuildPhase;
			buildActionMask = 2147483647;
			files = (
			);
			runOnlyForDeploymentPostprocessing = 0;
		};
/* End PBXFrameworksBuildPhase section */

/* Begin PBXGroup section */
		1C3F78A2285A7CDE002D9877 /* Update */ = {
			isa = PBXGroup;
			children = (
				1CBBC77F285E4DBE00FF74BE /* UpdateStore.swift */,
				1C3F78A7285A7D5F002D9877 /* Model */,
				1C3F78A8285A7D6F002D9877 /* View */,
			);
			path = Update;
			sourceTree = "<group>";
		};
		1C3F78A7285A7D5F002D9877 /* Model */ = {
			isa = PBXGroup;
			children = (
				1C3F78A3285A7CF6002D9877 /* Update.swift */,
			);
			path = Model;
			sourceTree = "<group>";
		};
		1C3F78A8285A7D6F002D9877 /* View */ = {
			isa = PBXGroup;
			children = (
				1CBBC781285E752200FF74BE /* UpdateCellView */,
				1C3F78A5285A7D59002D9877 /* UpdateListView.swift */,
				1CBBC77D285E4AE200FF74BE /* UpdateDetailView.swift */,
			);
			path = View;
			sourceTree = "<group>";
		};
		1CA834ED285286E0008811E9 = {
			isa = PBXGroup;
			children = (
				1CBBC78C285F99BB00FF74BE /* DoggyDogg--iOS--Info.plist */,
				1CA834F2285286E0008811E9 /* Shared */,
				1CA83501285286E3008811E9 /* macOS */,
				1CA834FB285286E3008811E9 /* Products */,
			);
			sourceTree = "<group>";
		};
		1CA834F2285286E0008811E9 /* Shared */ = {
			isa = PBXGroup;
			children = (
				1CBBC788285F957D00FF74BE /* AppDelegate.swift */,
				1CBBC78A285F95F000FF74BE /* SceneDelegate.swift */,
				1CA834F3285286E0008811E9 /* DoggyDoggApp.swift */,
				1CBBC784285F842200FF74BE /* TabBarView.swift */,
				1CF973B72857D4A300CB5617 /* Profile */,
				1CF973B62857D45F00CB5617 /* Home */,
				1C3F78A2285A7CDE002D9877 /* Update */,
				1CFAA6C928565EA4004C28C4 /* Constants.swift */,
				1CFAA6BD28561783004C28C4 /* Color+Extension.swift */,
				1CA834F5285286E3008811E9 /* Assets.xcassets */,
				1CBBC78F285F9D8700FF74BE /* LaunchScreen.storyboard */,
			);
			path = Shared;
			sourceTree = "<group>";
		};
		1CA834FB285286E3008811E9 /* Products */ = {
			isa = PBXGroup;
			children = (
				1CA834FA285286E3008811E9 /* DoggyDogg.app */,
				1CA83500285286E3008811E9 /* DoggyDogg.app */,
			);
			name = Products;
			sourceTree = "<group>";
		};
		1CA83501285286E3008811E9 /* macOS */ = {
			isa = PBXGroup;
			children = (
				1CA83502285286E4008811E9 /* macOS.entitlements */,
			);
			path = macOS;
			sourceTree = "<group>";
		};
		1CBBC781285E752200FF74BE /* UpdateCellView */ = {
			isa = PBXGroup;
			children = (
				1CBBC782285E753600FF74BE /* UpdateCellView.swift */,
			);
			path = UpdateCellView;
			sourceTree = "<group>";
		};
		1CF973B62857D45F00CB5617 /* Home */ = {
			isa = PBXGroup;
			children = (
				1CF973BB2857D59400CB5617 /* Model */,
				1CF973BF2857D72700CB5617 /* Cells */,
				1CFAA6C328563B4D004C28C4 /* Home.swift */,
				1CFAA6C628565C59004C28C4 /* HomeView.swift */,
				1CFAA6CC28565EF1004C28C4 /* AvatarView.swift */,
				1CFAA6BA28560526004C28C4 /* MenuView.swift */,
				1C5944602856009F00FC98F5 /* MenuRowView.swift */,
			);
			path = Home;
			sourceTree = "<group>";
		};
		1CF973B72857D4A300CB5617 /* Profile */ = {
			isa = PBXGroup;
			children = (
				1CBBC786285F853300FF74BE /* ProfileView.swift */,
				1C5944562855278600FC98F5 /* TitleView.swift */,
				1C5944532855276500FC98F5 /* CardView.swift */,
				1C594459285527B900FC98F5 /* BackCardView.swift */,
				1C59445C285527D800FC98F5 /* BottomCardView.swift */,
			);
			path = Profile;
			sourceTree = "<group>";
		};
		1CF973BB2857D59400CB5617 /* Model */ = {
			isa = PBXGroup;
			children = (
				1CF973B82857D51B00CB5617 /* Section.swift */,
			);
			path = Model;
			sourceTree = "<group>";
		};
		1CF973BF2857D72700CB5617 /* Cells */ = {
			isa = PBXGroup;
			children = (
				1CF973BC2857D6F400CB5617 /* SectionView.swift */,
			);
			path = Cells;
			sourceTree = "<group>";
		};
/* End PBXGroup section */

/* Begin PBXNativeTarget section */
		1CA834F9285286E3008811E9 /* DoggyDogg (iOS) */ = {
			isa = PBXNativeTarget;
			buildConfigurationList = 1CA8350B285286E4008811E9 /* Build configuration list for PBXNativeTarget "DoggyDogg (iOS)" */;
			buildPhases = (
				1CA834F6285286E3008811E9 /* Sources */,
				1CA834F7285286E3008811E9 /* Frameworks */,
				1CA834F8285286E3008811E9 /* Resources */,
			);
			buildRules = (
			);
			dependencies = (
			);
			name = "DoggyDogg (iOS)";
			productName = "Doggy Dogg (iOS)";
			productReference = 1CA834FA285286E3008811E9 /* DoggyDogg.app */;
			productType = "com.apple.product-type.application";
		};
		1CA834FF285286E3008811E9 /* DoggyDogg (macOS) */ = {
			isa = PBXNativeTarget;
			buildConfigurationList = 1CA8350E285286E4008811E9 /* Build configuration list for PBXNativeTarget "DoggyDogg (macOS)" */;
			buildPhases = (
				1CA834FC285286E3008811E9 /* Sources */,
				1CA834FD285286E3008811E9 /* Frameworks */,
				1CA834FE285286E3008811E9 /* Resources */,
			);
			buildRules = (
			);
			dependencies = (
			);
			name = "DoggyDogg (macOS)";
			productName = "Doggy Dogg (macOS)";
			productReference = 1CA83500285286E3008811E9 /* DoggyDogg.app */;
			productType = "com.apple.product-type.application";
		};
/* End PBXNativeTarget section */

/* Begin PBXProject section */
		1CA834EE285286E0008811E9 /* Project object */ = {
			isa = PBXProject;
			attributes = {
				BuildIndependentTargetsInParallel = 1;
				LastSwiftUpdateCheck = 1340;
				LastUpgradeCheck = 1340;
				TargetAttributes = {
					1CA834F9285286E3008811E9 = {
						CreatedOnToolsVersion = 13.4.1;
					};
					1CA834FF285286E3008811E9 = {
						CreatedOnToolsVersion = 13.4.1;
					};
				};
			};
			buildConfigurationList = 1CA834F1285286E0008811E9 /* Build configuration list for PBXProject "DoggyDogg" */;
			compatibilityVersion = "Xcode 13.0";
			developmentRegion = en;
			hasScannedForEncodings = 0;
			knownRegions = (
				en,
				Base,
			);
			mainGroup = 1CA834ED285286E0008811E9;
			productRefGroup = 1CA834FB285286E3008811E9 /* Products */;
			projectDirPath = "";
			projectRoot = "";
			targets = (
				1CA834F9285286E3008811E9 /* DoggyDogg (iOS) */,
				1CA834FF285286E3008811E9 /* DoggyDogg (macOS) */,
			);
		};
/* End PBXProject section */

/* Begin PBXResourcesBuildPhase section */
		1CA834F8285286E3008811E9 /* Resources */ = {
			isa = PBXResourcesBuildPhase;
			buildActionMask = 2147483647;
			files = (
				1CA83507285286E4008811E9 /* Assets.xcassets in Resources */,
				1CBBC790285F9D8700FF74BE /* LaunchScreen.storyboard in Resources */,
			);
			runOnlyForDeploymentPostprocessing = 0;
		};
		1CA834FE285286E3008811E9 /* Resources */ = {
			isa = PBXResourcesBuildPhase;
			buildActionMask = 2147483647;
			files = (
				1CA83508285286E4008811E9 /* Assets.xcassets in Resources */,
			);
			runOnlyForDeploymentPostprocessing = 0;
		};
/* End PBXResourcesBuildPhase section */

/* Begin PBXSourcesBuildPhase section */
		1CA834F6285286E3008811E9 /* Sources */ = {
			isa = PBXSourcesBuildPhase;
			buildActionMask = 2147483647;
			files = (
				1CBBC789285F957D00FF74BE /* AppDelegate.swift in Sources */,
				1CFAA6BE28561783004C28C4 /* Color+Extension.swift in Sources */,
				1CF973BD2857D6F400CB5617 /* SectionView.swift in Sources */,
				1CFAA6BB28560526004C28C4 /* MenuView.swift in Sources */,
				1CF973B92857D51B00CB5617 /* Section.swift in Sources */,
				1CFAA6C428563B4D004C28C4 /* Home.swift in Sources */,
				1CBBC78B285F95F000FF74BE /* SceneDelegate.swift in Sources */,
				1CFAA6CD28565EF1004C28C4 /* AvatarView.swift in Sources */,
				1C59445D285527D800FC98F5 /* BottomCardView.swift in Sources */,
				1CFAA6C728565C59004C28C4 /* HomeView.swift in Sources */,
				1C5944542855276500FC98F5 /* CardView.swift in Sources */,
				1CBBC77E285E4AE200FF74BE /* UpdateDetailView.swift in Sources */,
				1CBBC780285E4DBE00FF74BE /* UpdateStore.swift in Sources */,
				1C3F78A4285A7CF6002D9877 /* Update.swift in Sources */,
				1CA83503285286E4008811E9 /* DoggyDoggApp.swift in Sources */,
				1C3F78A6285A7D59002D9877 /* UpdateListView.swift in Sources */,
				1C59445A285527B900FC98F5 /* BackCardView.swift in Sources */,
				1CBBC785285F842200FF74BE /* TabBarView.swift in Sources */,
				1C5944612856009F00FC98F5 /* MenuRowView.swift in Sources */,
				1CBBC783285E753600FF74BE /* UpdateCellView.swift in Sources */,
				1C5944572855278600FC98F5 /* TitleView.swift in Sources */,
				1CBBC787285F853300FF74BE /* ProfileView.swift in Sources */,
				1CFAA6CA28565EA4004C28C4 /* Constants.swift in Sources */,
			);
			runOnlyForDeploymentPostprocessing = 0;
		};
		1CA834FC285286E3008811E9 /* Sources */ = {
			isa = PBXSourcesBuildPhase;
			buildActionMask = 2147483647;
			files = (
				1CFAA6BF28561783004C28C4 /* Color+Extension.swift in Sources */,
				1CF973BE2857D6F400CB5617 /* SectionView.swift in Sources */,
				1CFAA6BC28560526004C28C4 /* MenuView.swift in Sources */,
				1CF973BA2857D51B00CB5617 /* Section.swift in Sources */,
				1CFAA6C528563B4D004C28C4 /* Home.swift in Sources */,
				1CFAA6CE28565EF1004C28C4 /* AvatarView.swift in Sources */,
				1C59445E285527D800FC98F5 /* BottomCardView.swift in Sources */,
				1CFAA6C828565C59004C28C4 /* HomeView.swift in Sources */,
				1C5944552855276500FC98F5 /* CardView.swift in Sources */,
				1CA83504285286E4008811E9 /* DoggyDoggApp.swift in Sources */,
				1C59445B285527B900FC98F5 /* BackCardView.swift in Sources */,
				1C5944622856009F00FC98F5 /* MenuRowView.swift in Sources */,
				1C5944582855278600FC98F5 /* TitleView.swift in Sources */,
				1CFAA6CB28565EA4004C28C4 /* Constants.swift in Sources */,
			);
			runOnlyForDeploymentPostprocessing = 0;
		};
/* End PBXSourcesBuildPhase section */

/* Begin XCBuildConfiguration section */
		1CA83509285286E4008811E9 /* Debug */ = {
			isa = XCBuildConfiguration;
			buildSettings = {
				ALWAYS_SEARCH_USER_PATHS = NO;
				CLANG_ANALYZER_NONNULL = YES;
				CLANG_ANALYZER_NUMBER_OBJECT_CONVERSION = YES_AGGRESSIVE;
				CLANG_CXX_LANGUAGE_STANDARD = "gnu++17";
				CLANG_ENABLE_MODULES = YES;
				CLANG_ENABLE_OBJC_ARC = YES;
				CLANG_ENABLE_OBJC_WEAK = YES;
				CLANG_WARN_BLOCK_CAPTURE_AUTORELEASING = YES;
				CLANG_WARN_BOOL_CONVERSION = YES;
				CLANG_WARN_COMMA = YES;
				CLANG_WARN_CONSTANT_CONVERSION = YES;
				CLANG_WARN_DEPRECATED_OBJC_IMPLEMENTATIONS = YES;
				CLANG_WARN_DIRECT_OBJC_ISA_USAGE = YES_ERROR;
				CLANG_WARN_DOCUMENTATION_COMMENTS = YES;
				CLANG_WARN_EMPTY_BODY = YES;
				CLANG_WARN_ENUM_CONVERSION = YES;
				CLANG_WARN_INFINITE_RECURSION = YES;
				CLANG_WARN_INT_CONVERSION = YES;
				CLANG_WARN_NON_LITERAL_NULL_CONVERSION = YES;
				CLANG_WARN_OBJC_IMPLICIT_RETAIN_SELF = YES;
				CLANG_WARN_OBJC_LITERAL_CONVERSION = YES;
				CLANG_WARN_OBJC_ROOT_CLASS = YES_ERROR;
				CLANG_WARN_QUOTED_INCLUDE_IN_FRAMEWORK_HEADER = YES;
				CLANG_WARN_RANGE_LOOP_ANALYSIS = YES;
				CLANG_WARN_STRICT_PROTOTYPES = YES;
				CLANG_WARN_SUSPICIOUS_MOVE = YES;
				CLANG_WARN_UNGUARDED_AVAILABILITY = YES_AGGRESSIVE;
				CLANG_WARN_UNREACHABLE_CODE = YES;
				CLANG_WARN__DUPLICATE_METHOD_MATCH = YES;
				COPY_PHASE_STRIP = NO;
				DEBUG_INFORMATION_FORMAT = dwarf;
				ENABLE_STRICT_OBJC_MSGSEND = YES;
				ENABLE_TESTABILITY = YES;
				GCC_C_LANGUAGE_STANDARD = gnu11;
				GCC_DYNAMIC_NO_PIC = NO;
				GCC_NO_COMMON_BLOCKS = YES;
				GCC_OPTIMIZATION_LEVEL = 0;
				GCC_PREPROCESSOR_DEFINITIONS = (
					"DEBUG=1",
					"$(inherited)",
				);
				GCC_WARN_64_TO_32_BIT_CONVERSION = YES;
				GCC_WARN_ABOUT_RETURN_TYPE = YES_ERROR;
				GCC_WARN_UNDECLARED_SELECTOR = YES;
				GCC_WARN_UNINITIALIZED_AUTOS = YES_AGGRESSIVE;
				GCC_WARN_UNUSED_FUNCTION = YES;
				GCC_WARN_UNUSED_VARIABLE = YES;
				MTL_ENABLE_DEBUG_INFO = INCLUDE_SOURCE;
				MTL_FAST_MATH = YES;
				ONLY_ACTIVE_ARCH = YES;
				SWIFT_ACTIVE_COMPILATION_CONDITIONS = DEBUG;
				SWIFT_OPTIMIZATION_LEVEL = "-Onone";
			};
			name = Debug;
		};
		1CA8350A285286E4008811E9 /* Release */ = {
			isa = XCBuildConfiguration;
			buildSettings = {
				ALWAYS_SEARCH_USER_PATHS = NO;
				CLANG_ANALYZER_NONNULL = YES;
				CLANG_ANALYZER_NUMBER_OBJECT_CONVERSION = YES_AGGRESSIVE;
				CLANG_CXX_LANGUAGE_STANDARD = "gnu++17";
				CLANG_ENABLE_MODULES = YES;
				CLANG_ENABLE_OBJC_ARC = YES;
				CLANG_ENABLE_OBJC_WEAK = YES;
				CLANG_WARN_BLOCK_CAPTURE_AUTORELEASING = YES;
				CLANG_WARN_BOOL_CONVERSION = YES;
				CLANG_WARN_COMMA = YES;
				CLANG_WARN_CONSTANT_CONVERSION = YES;
				CLANG_WARN_DEPRECATED_OBJC_IMPLEMENTATIONS = YES;
				CLANG_WARN_DIRECT_OBJC_ISA_USAGE = YES_ERROR;
				CLANG_WARN_DOCUMENTATION_COMMENTS = YES;
				CLANG_WARN_EMPTY_BODY = YES;
				CLANG_WARN_ENUM_CONVERSION = YES;
				CLANG_WARN_INFINITE_RECURSION = YES;
				CLANG_WARN_INT_CONVERSION = YES;
				CLANG_WARN_NON_LITERAL_NULL_CONVERSION = YES;
				CLANG_WARN_OBJC_IMPLICIT_RETAIN_SELF = YES;
				CLANG_WARN_OBJC_LITERAL_CONVERSION = YES;
				CLANG_WARN_OBJC_ROOT_CLASS = YES_ERROR;
				CLANG_WARN_QUOTED_INCLUDE_IN_FRAMEWORK_HEADER = YES;
				CLANG_WARN_RANGE_LOOP_ANALYSIS = YES;
				CLANG_WARN_STRICT_PROTOTYPES = YES;
				CLANG_WARN_SUSPICIOUS_MOVE = YES;
				CLANG_WARN_UNGUARDED_AVAILABILITY = YES_AGGRESSIVE;
				CLANG_WARN_UNREACHABLE_CODE = YES;
				CLANG_WARN__DUPLICATE_METHOD_MATCH = YES;
				COPY_PHASE_STRIP = NO;
				DEBUG_INFORMATION_FORMAT = "dwarf-with-dsym";
				ENABLE_NS_ASSERTIONS = NO;
				ENABLE_STRICT_OBJC_MSGSEND = YES;
				GCC_C_LANGUAGE_STANDARD = gnu11;
				GCC_NO_COMMON_BLOCKS = YES;
				GCC_WARN_64_TO_32_BIT_CONVERSION = YES;
				GCC_WARN_ABOUT_RETURN_TYPE = YES_ERROR;
				GCC_WARN_UNDECLARED_SELECTOR = YES;
				GCC_WARN_UNINITIALIZED_AUTOS = YES_AGGRESSIVE;
				GCC_WARN_UNUSED_FUNCTION = YES;
				GCC_WARN_UNUSED_VARIABLE = YES;
				MTL_ENABLE_DEBUG_INFO = NO;
				MTL_FAST_MATH = YES;
				SWIFT_COMPILATION_MODE = wholemodule;
				SWIFT_OPTIMIZATION_LEVEL = "-O";
			};
			name = Release;
		};
		1CA8350C285286E4008811E9 /* Debug */ = {
			isa = XCBuildConfiguration;
			buildSettings = {
				ASSETCATALOG_COMPILER_APPICON_NAME = AppIcon;
				ASSETCATALOG_COMPILER_GLOBAL_ACCENT_COLOR_NAME = AccentColor;
				CODE_SIGN_STYLE = Automatic;
				CURRENT_PROJECT_VERSION = 1;
				DEVELOPMENT_TEAM = UPP28B77QU;
				ENABLE_PREVIEWS = YES;
				GENERATE_INFOPLIST_FILE = YES;
				INFOPLIST_FILE = "DoggyDogg--iOS--Info.plist";
				INFOPLIST_KEY_UIApplicationSupportsIndirectInputEvents = YES;
				INFOPLIST_KEY_UILaunchScreen_Generation = YES;
				INFOPLIST_KEY_UISupportedInterfaceOrientations_iPad = "UIInterfaceOrientationPortrait UIInterfaceOrientationPortraitUpsideDown UIInterfaceOrientationLandscapeLeft UIInterfaceOrientationLandscapeRight";
				INFOPLIST_KEY_UISupportedInterfaceOrientations_iPhone = "UIInterfaceOrientationPortrait UIInterfaceOrientationLandscapeLeft UIInterfaceOrientationLandscapeRight";
				IPHONEOS_DEPLOYMENT_TARGET = 13.0;
				LD_RUNPATH_SEARCH_PATHS = (
					"$(inherited)",
					"@executable_path/Frameworks",
				);
				MARKETING_VERSION = 1.0;
				PRODUCT_BUNDLE_IDENTIFIER = "io.doggy-dogg.Doggy-Dogg";
				PRODUCT_NAME = DoggyDogg;
				SDKROOT = iphoneos;
				SWIFT_EMIT_LOC_STRINGS = YES;
				SWIFT_VERSION = 5.0;
				TARGETED_DEVICE_FAMILY = "1,2";
			};
			name = Debug;
		};
		1CA8350D285286E4008811E9 /* Release */ = {
			isa = XCBuildConfiguration;
			buildSettings = {
				ASSETCATALOG_COMPILER_APPICON_NAME = AppIcon;
				ASSETCATALOG_COMPILER_GLOBAL_ACCENT_COLOR_NAME = AccentColor;
				CODE_SIGN_STYLE = Automatic;
				CURRENT_PROJECT_VERSION = 1;
				DEVELOPMENT_TEAM = UPP28B77QU;
				ENABLE_PREVIEWS = YES;
				GENERATE_INFOPLIST_FILE = YES;
				INFOPLIST_FILE = "DoggyDogg--iOS--Info.plist";
				INFOPLIST_KEY_UIApplicationSupportsIndirectInputEvents = YES;
				INFOPLIST_KEY_UILaunchScreen_Generation = YES;
				INFOPLIST_KEY_UISupportedInterfaceOrientations_iPad = "UIInterfaceOrientationPortrait UIInterfaceOrientationPortraitUpsideDown UIInterfaceOrientationLandscapeLeft UIInterfaceOrientationLandscapeRight";
				INFOPLIST_KEY_UISupportedInterfaceOrientations_iPhone = "UIInterfaceOrientationPortrait UIInterfaceOrientationLandscapeLeft UIInterfaceOrientationLandscapeRight";
				IPHONEOS_DEPLOYMENT_TARGET = 13.0;
				LD_RUNPATH_SEARCH_PATHS = (
					"$(inherited)",
					"@executable_path/Frameworks",
				);
				MARKETING_VERSION = 1.0;
				PRODUCT_BUNDLE_IDENTIFIER = "io.doggy-dogg.Doggy-Dogg";
				PRODUCT_NAME = DoggyDogg;
				SDKROOT = iphoneos;
				SWIFT_EMIT_LOC_STRINGS = YES;
				SWIFT_VERSION = 5.0;
				TARGETED_DEVICE_FAMILY = "1,2";
				VALIDATE_PRODUCT = YES;
			};
			name = Release;
		};
		1CA8350F285286E4008811E9 /* Debug */ = {
			isa = XCBuildConfiguration;
			buildSettings = {
				ASSETCATALOG_COMPILER_APPICON_NAME = AppIcon;
				ASSETCATALOG_COMPILER_GLOBAL_ACCENT_COLOR_NAME = AccentColor;
				CODE_SIGN_ENTITLEMENTS = macOS/macOS.entitlements;
				CODE_SIGN_STYLE = Automatic;
				COMBINE_HIDPI_IMAGES = YES;
				CURRENT_PROJECT_VERSION = 1;
				ENABLE_PREVIEWS = YES;
				GENERATE_INFOPLIST_FILE = YES;
				INFOPLIST_KEY_NSHumanReadableCopyright = "";
				LD_RUNPATH_SEARCH_PATHS = (
					"$(inherited)",
					"@executable_path/../Frameworks",
				);
				MACOSX_DEPLOYMENT_TARGET = 12.3;
				MARKETING_VERSION = 1.0;
				PRODUCT_BUNDLE_IDENTIFIER = "io.doggy-dogg.Doggy-Dogg";
				PRODUCT_NAME = DoggyDogg;
				SDKROOT = macosx;
				SWIFT_EMIT_LOC_STRINGS = YES;
				SWIFT_VERSION = 5.0;
			};
			name = Debug;
		};
		1CA83510285286E4008811E9 /* Release */ = {
			isa = XCBuildConfiguration;
			buildSettings = {
				ASSETCATALOG_COMPILER_APPICON_NAME = AppIcon;
				ASSETCATALOG_COMPILER_GLOBAL_ACCENT_COLOR_NAME = AccentColor;
				CODE_SIGN_ENTITLEMENTS = macOS/macOS.entitlements;
				CODE_SIGN_STYLE = Automatic;
				COMBINE_HIDPI_IMAGES = YES;
				CURRENT_PROJECT_VERSION = 1;
				ENABLE_PREVIEWS = YES;
				GENERATE_INFOPLIST_FILE = YES;
				INFOPLIST_KEY_NSHumanReadableCopyright = "";
				LD_RUNPATH_SEARCH_PATHS = (
					"$(inherited)",
					"@executable_path/../Frameworks",
				);
				MACOSX_DEPLOYMENT_TARGET = 12.3;
				MARKETING_VERSION = 1.0;
				PRODUCT_BUNDLE_IDENTIFIER = "io.doggy-dogg.Doggy-Dogg";
				PRODUCT_NAME = DoggyDogg;
				SDKROOT = macosx;
				SWIFT_EMIT_LOC_STRINGS = YES;
				SWIFT_VERSION = 5.0;
			};
			name = Release;
		};
/* End XCBuildConfiguration section */

/* Begin XCConfigurationList section */
		1CA834F1285286E0008811E9 /* Build configuration list for PBXProject "DoggyDogg" */ = {
			isa = XCConfigurationList;
			buildConfigurations = (
				1CA83509285286E4008811E9 /* Debug */,
				1CA8350A285286E4008811E9 /* Release */,
			);
			defaultConfigurationIsVisible = 0;
			defaultConfigurationName = Release;
		};
		1CA8350B285286E4008811E9 /* Build configuration list for PBXNativeTarget "DoggyDogg (iOS)" */ = {
			isa = XCConfigurationList;
			buildConfigurations = (
				1CA8350C285286E4008811E9 /* Debug */,
				1CA8350D285286E4008811E9 /* Release */,
			);
			defaultConfigurationIsVisible = 0;
			defaultConfigurationName = Release;
		};
		1CA8350E285286E4008811E9 /* Build configuration list for PBXNativeTarget "DoggyDogg (macOS)" */ = {
			isa = XCConfigurationList;
			buildConfigurations = (
				1CA8350F285286E4008811E9 /* Debug */,
				1CA83510285286E4008811E9 /* Release */,
			);
			defaultConfigurationIsVisible = 0;
			defaultConfigurationName = Release;
		};
/* End XCConfigurationList section */
	};
	rootObject = 1CA834EE285286E0008811E9 /* Project object */;
}
